
Microsoft Visual Studio Solution File, Format Version 12.00
# Visual Studio Version 16
VisualStudioVersion = 16.0.30128.36
MinimumVisualStudioVersion = 10.0.40219.1
Project("{FAE04EC0-301F-11D3-BF4B-00C04F79EFBC}") = "BettingSiteNet", "BettingSiteNet.csproj", "{5173E960-4D9F-4346-9E89-78443B0EDCDA}"
EndProject
Global
	GlobalSection(SolutionConfigurationPlatforms) = preSolution
		Debug|Any CPU = Debug|Any CPU
		Release|Any CPU = Release|Any CPU
	EndGlobalSection
	GlobalSection(ProjectConfigurationPlatforms) = postSolution
		{5173E960-4D9F-4346-9E89-78443B0EDCDA}.Debug|Any CPU.ActiveCfg = Debug|Any CPU
		{5173E960-4D9F-4346-9E89-78443B0EDCDA}.Debug|Any CPU.Build.0 = Debug|Any CPU
		{5173E960-4D9F-4346-9E89-78443B0EDCDA}.Release|Any CPU.ActiveCfg = Release|Any CPU
		{5173E960-4D9F-4346-9E89-78443B0EDCDA}.Release|Any CPU.Build.0 = Release|Any CPU
	EndGlobalSection
	GlobalSection(SolutionProperties) = preSolution
		HideSolutionNode = FALSE
	EndGlobalSection
	GlobalSection(ExtensibilityGlobals) = postSolution
		SolutionGuid = {28AC5674-B120-4E0E-96DF-AC9454EC6F04}
	EndGlobalSection
EndGlobal
